
Microsoft Visual Studio Solution File, Format Version 12.00
Project("{FAE04EC0-301F-11D3-BF4B-00C04F79EFBC}") = "NewsAggregator", "NewsAggregator\NewsAggregator.csproj", "{C186EB60-B5B9-4329-B157-34AC1EEAB3A4}"
EndProject
Project("{2150E333-8FDC-42A3-9474-1A3956D46DE8}") = "Solution Items", "Solution Items", "{0CAB6477-B491-480E-8B9A-E21547B56250}"
	ProjectSection(SolutionItems) = preProject
		compose.yaml = compose.yaml
	EndProjectSection
EndProject
Project("{FAE04EC0-301F-11D3-BF4B-00C04F79EFBC}") = "Shared", "Shared\Shared.csproj", "{B09ED223-9B07-420B-8B26-DCFE7F6007FF}"
EndProject
Project("{FAE04EC0-301F-11D3-BF4B-00C04F79EFBC}") = "NewsAggregator.Domain", "NewsAggregator.Domain\NewsAggregator.Domain.csproj", "{674E4DF7-3058-41B9-B94E-14F114B65B2C}"
EndProject
Project("{FAE04EC0-301F-11D3-BF4B-00C04F79EFBC}") = "NewsAggregator.Infostructure", "NewsAggregator.Infostructure\NewsAggregator.Infostructure.csproj", "{37AFAF56-4B38-495C-8232-6123790C77C4}"
EndProject
Project("{FAE04EC0-301F-11D3-BF4B-00C04F79EFBC}") = "NewsAggregator.DataAccess", "NewsAggregator.DataAccess\NewsAggregator.DataAccess.csproj", "{F9AE1235-A9AE-490C-ACB6-BBBADCE31C8C}"
EndProject
Global
	GlobalSection(SolutionConfigurationPlatforms) = preSolution
		Debug|Any CPU = Debug|Any CPU
		Release|Any CPU = Release|Any CPU
	EndGlobalSection
	GlobalSection(ProjectConfigurationPlatforms) = postSolution
		{C186EB60-B5B9-4329-B157-34AC1EEAB3A4}.Debug|Any CPU.ActiveCfg = Debug|Any CPU
		{C186EB60-B5B9-4329-B157-34AC1EEAB3A4}.Debug|Any CPU.Build.0 = Debug|Any CPU
		{C186EB60-B5B9-4329-B157-34AC1EEAB3A4}.Release|Any CPU.ActiveCfg = Release|Any CPU
		{C186EB60-B5B9-4329-B157-34AC1EEAB3A4}.Release|Any CPU.Build.0 = Release|Any CPU
		{B09ED223-9B07-420B-8B26-DCFE7F6007FF}.Debug|Any CPU.ActiveCfg = Debug|Any CPU
		{B09ED223-9B07-420B-8B26-DCFE7F6007FF}.Debug|Any CPU.Build.0 = Debug|Any CPU
		{B09ED223-9B07-420B-8B26-DCFE7F6007FF}.Release|Any CPU.ActiveCfg = Release|Any CPU
		{B09ED223-9B07-420B-8B26-DCFE7F6007FF}.Release|Any CPU.Build.0 = Release|Any CPU
		{674E4DF7-3058-41B9-B94E-14F114B65B2C}.Debug|Any CPU.ActiveCfg = Debug|Any CPU
		{674E4DF7-3058-41B9-B94E-14F114B65B2C}.Debug|Any CPU.Build.0 = Debug|Any CPU
		{674E4DF7-3058-41B9-B94E-14F114B65B2C}.Release|Any CPU.ActiveCfg = Release|Any CPU
		{674E4DF7-3058-41B9-B94E-14F114B65B2C}.Release|Any CPU.Build.0 = Release|Any CPU
		{37AFAF56-4B38-495C-8232-6123790C77C4}.Debug|Any CPU.ActiveCfg = Debug|Any CPU
		{37AFAF56-4B38-495C-8232-6123790C77C4}.Debug|Any CPU.Build.0 = Debug|Any CPU
		{37AFAF56-4B38-495C-8232-6123790C77C4}.Release|Any CPU.ActiveCfg = Release|Any CPU
		{37AFAF56-4B38-495C-8232-6123790C77C4}.Release|Any CPU.Build.0 = Release|Any CPU
		{F9AE1235-A9AE-490C-ACB6-BBBADCE31C8C}.Debug|Any CPU.ActiveCfg = Debug|Any CPU
		{F9AE1235-A9AE-490C-ACB6-BBBADCE31C8C}.Debug|Any CPU.Build.0 = Debug|Any CPU
		{F9AE1235-A9AE-490C-ACB6-BBBADCE31C8C}.Release|Any CPU.ActiveCfg = Release|Any CPU
		{F9AE1235-A9AE-490C-ACB6-BBBADCE31C8C}.Release|Any CPU.Build.0 = Release|Any CPU
	EndGlobalSection
EndGlobal
